<?xml version="1.0" encoding="utf-8"?>
<Project ToolsVersion="4.0" xmlns="http://schemas.microsoft.com/developer/msbuild/2003">
  <ItemGroup>
    <Filter Include="Source Files">
      <UniqueIdentifier>{4FC737F1-C7A5-4376-A066-2A32D752A2FF}</UniqueIdentifier>
      <Extensions>cpp;c;cc;cxx;c++;cppm;ixx;def;odl;idl;hpj;bat;asm;asmx</Extensions>
    </Filter>
    <Filter Include="Header Files">
      <UniqueIdentifier>{93995380-89BD-4b04-88EB-625FBE52EBFB}</UniqueIdentifier>
      <Extensions>h;hh;hpp;hxx;h++;hm;inl;inc;ipp;xsd</Extensions>
    </Filter>
    <Filter Include="Resource Files">
      <UniqueIdentifier>{67DA6AB6-F800-4c08-8B7A-83BB121AAD01}</UniqueIdentifier>
      <Extensions>rc;ico;cur;bmp;dlg;rc2;rct;bin;rgs;gif;jpg;jpeg;jpe;resx;tiff;tif;png;wav;mfcribbon-ms</Extensions>
    </Filter>
    <Filter Include="Source Files\win32">
      <UniqueIdentifier>{879795ae-bf3f-4de4-b57a-9816847ed321}</UniqueIdentifier>
    </Filter>
    <Filter Include="Header Files\win32">
      <UniqueIdentifier>{d5b1f685-d90e-408f-a6a6-7240ae16ed7f}</UniqueIdentifier>
    </Filter>
  </ItemGroup>
  <ItemGroup>
    <ClCompile Include="..\..\packages\cairo\src\cairo.c">
      <Filter>Source Files</Filter>
    </ClCompile>
    <ClCompile Include="..\..\packages\cairo\src\cairo-analysis-surface.c">
      <Filter>Source Files</Filter>
    </ClCompile>
    <ClCompile Include="..\..\packages\cairo\src\cairo-arc.c">
      <Filter>Source Files</Filter>
    </ClCompile>
    <ClCompile Include="..\..\packages\cairo\src\cairo-array.c">
      <Filter>Source Files</Filter>
    </ClCompile>
    <ClCompile Include="..\..\packages\cairo\src\cairo-atomic.c">
      <Filter>Source Files</Filter>
    </ClCompile>
    <ClCompile Include="..\..\packages\cairo\src\cairo-base64-stream.c">
      <Filter>Source Files</Filter>
    </ClCompile>
    <ClCompile Include="..\..\packages\cairo\src\cairo-base85-stream.c">
      <Filter>Source Files</Filter>
    </ClCompile>
    <ClCompile Include="..\..\packages\cairo\src\cairo-bentley-ottmann.c">
      <Filter>Source Files</Filter>
    </ClCompile>
    <ClCompile Include="..\..\packages\cairo\src\cairo-bentley-ottmann-rectangular.c">
      <Filter>Source Files</Filter>
    </ClCompile>
    <ClCompile Include="..\..\packages\cairo\src\cairo-bentley-ottmann-rectilinear.c">
      <Filter>Source Files</Filter>
    </ClCompile>
    <ClCompile Include="..\..\packages\cairo\src\cairo-botor-scan-converter.c">
      <Filter>Source Files</Filter>
    </ClCompile>
    <ClCompile Include="..\..\packages\cairo\src\cairo-boxes.c">
      <Filter>Source Files</Filter>
    </ClCompile>
    <ClCompile Include="..\..\packages\cairo\src\cairo-boxes-intersect.c">
      <Filter>Source Files</Filter>
    </ClCompile>
    <ClCompile Include="..\..\packages\cairo\src\cairo-cache.c">
      <Filter>Source Files</Filter>
    </ClCompile>
    <ClCompile Include="..\..\packages\cairo\src\cairo-cff-subset.c">
      <Filter>Source Files</Filter>
    </ClCompile>
    <ClCompile Include="..\..\packages\cairo\src\cairo-clip.c">
      <Filter>Source Files</Filter>
    </ClCompile>
    <ClCompile Include="..\..\packages\cairo\src\cairo-clip-boxes.c">
      <Filter>Source Files</Filter>
    </ClCompile>
    <ClCompile Include="..\..\packages\cairo\src\cairo-clip-polygon.c">
      <Filter>Source Files</Filter>
    </ClCompile>
    <ClCompile Include="..\..\packages\cairo\src\cairo-clip-region.c">
      <Filter>Source Files</Filter>
    </ClCompile>
    <ClCompile Include="..\..\packages\cairo\src\cairo-clip-surface.c">
      <Filter>Source Files</Filter>
    </ClCompile>
    <ClCompile Include="..\..\packages\cairo\src\cairo-clip-tor-scan-converter.c">
      <Filter>Source Files</Filter>
    </ClCompile>
    <ClCompile Include="..\..\packages\cairo\src\cairo-color.c">
      <Filter>Source Files</Filter>
    </ClCompile>
    <ClCompile Include="..\..\packages\cairo\src\cairo-colr-glyph-render.c">
      <Filter>Source Files</Filter>
    </ClCompile>
    <ClCompile Include="..\..\packages\cairo\src\cairo-composite-rectangles.c">
      <Filter>Source Files</Filter>
    </ClCompile>
    <ClCompile Include="..\..\packages\cairo\src\cairo-compositor.c">
      <Filter>Source Files</Filter>
    </ClCompile>
    <ClCompile Include="..\..\packages\cairo\src\cairo-contour.c">
      <Filter>Source Files</Filter>
    </ClCompile>
    <ClCompile Include="..\..\packages\cairo\src\cairo-damage.c">
      <Filter>Source Files</Filter>
    </ClCompile>
    <ClCompile Include="..\..\packages\cairo\src\cairo-debug.c">
      <Filter>Source Files</Filter>
    </ClCompile>
    <ClCompile Include="..\..\packages\cairo\src\cairo-default-context.c">
      <Filter>Source Files</Filter>
    </ClCompile>
    <ClCompile Include="..\..\packages\cairo\src\cairo-deflate-stream.c">
      <Filter>Source Files</Filter>
    </ClCompile>
    <ClCompile Include="..\..\packages\cairo\src\cairo-device.c">
      <Filter>Source Files</Filter>
    </ClCompile>
    <ClCompile Include="..\..\packages\cairo\src\cairo-error.c">
      <Filter>Source Files</Filter>
    </ClCompile>
    <ClCompile Include="..\..\packages\cairo\src\cairo-fallback-compositor.c">
      <Filter>Source Files</Filter>
    </ClCompile>
    <ClCompile Include="..\..\packages\cairo\src\cairo-fixed.c">
      <Filter>Source Files</Filter>
    </ClCompile>
    <ClCompile Include="..\..\packages\cairo\src\cairo-font-face.c">
      <Filter>Source Files</Filter>
    </ClCompile>
    <ClCompile Include="..\..\packages\cairo\src\cairo-font-face-twin.c">
      <Filter>Source Files</Filter>
    </ClCompile>
    <ClCompile Include="..\..\packages\cairo\src\cairo-font-face-twin-data.c">
      <Filter>Source Files</Filter>
    </ClCompile>
    <ClCompile Include="..\..\packages\cairo\src\cairo-font-options.c">
      <Filter>Source Files</Filter>
    </ClCompile>
    <ClCompile Include="..\..\packages\cairo\src\cairo-freed-pool.c">
      <Filter>Source Files</Filter>
    </ClCompile>
    <ClCompile Include="..\..\packages\cairo\src\cairo-freelist.c">
      <Filter>Source Files</Filter>
    </ClCompile>
    <ClCompile Include="..\..\packages\cairo\src\cairo-ft-font.c">
      <Filter>Source Files</Filter>
    </ClCompile>
    <ClCompile Include="..\..\packages\cairo\src\cairo-gstate.c">
      <Filter>Source Files</Filter>
    </ClCompile>
    <ClCompile Include="..\..\packages\cairo\src\cairo-hash.c">
      <Filter>Source Files</Filter>
    </ClCompile>
    <ClCompile Include="..\..\packages\cairo\src\cairo-hull.c">
      <Filter>Source Files</Filter>
    </ClCompile>
    <ClCompile Include="..\..\packages\cairo\src\cairo-image-compositor.c">
      <Filter>Source Files</Filter>
    </ClCompile>
    <ClCompile Include="..\..\packages\cairo\src\cairo-image-info.c">
      <Filter>Source Files</Filter>
    </ClCompile>
    <ClCompile Include="..\..\packages\cairo\src\cairo-image-mask-compositor.c">
      <Filter>Source Files</Filter>
    </ClCompile>
    <ClCompile Include="..\..\packages\cairo\src\cairo-image-source.c">
      <Filter>Source Files</Filter>
    </ClCompile>
    <ClCompile Include="..\..\packages\cairo\src\cairo-image-surface.c">
      <Filter>Source Files</Filter>
    </ClCompile>
    <ClCompile Include="..\..\packages\cairo\src\cairo-line.c">
      <Filter>Source Files</Filter>
    </ClCompile>
    <ClCompile Include="..\..\packages\cairo\src\cairo-lzw.c">
      <Filter>Source Files</Filter>
    </ClCompile>
    <ClCompile Include="..\..\packages\cairo\src\cairo-mask-compositor.c">
      <Filter>Source Files</Filter>
    </ClCompile>
    <ClCompile Include="..\..\packages\cairo\src\cairo-matrix.c">
      <Filter>Source Files</Filter>
    </ClCompile>
    <ClCompile Include="..\..\packages\cairo\src\cairo-mempool.c">
      <Filter>Source Files</Filter>
    </ClCompile>
    <ClCompile Include="..\..\packages\cairo\src\cairo-mesh-pattern-rasterizer.c">
      <Filter>Source Files</Filter>
    </ClCompile>
    <ClCompile Include="..\..\packages\cairo\src\cairo-misc.c">
      <Filter>Source Files</Filter>
    </ClCompile>
    <ClCompile Include="..\..\packages\cairo\src\cairo-mono-scan-converter.c">
      <Filter>Source Files</Filter>
    </ClCompile>
    <ClCompile Include="..\..\packages\cairo\src\cairo-mutex.c">
      <Filter>Source Files</Filter>
    </ClCompile>
    <ClCompile Include="..\..\packages\cairo\src\cairo-no-compositor.c">
      <Filter>Source Files</Filter>
    </ClCompile>
    <ClCompile Include="..\..\packages\cairo\src\cairo-observer.c">
      <Filter>Source Files</Filter>
    </ClCompile>
    <ClCompile Include="..\..\packages\cairo\src\cairo-output-stream.c">
      <Filter>Source Files</Filter>
    </ClCompile>
    <ClCompile Include="..\..\packages\cairo\src\cairo-paginated-surface.c">
      <Filter>Source Files</Filter>
    </ClCompile>
    <ClCompile Include="..\..\packages\cairo\src\cairo-path.c">
      <Filter>Source Files</Filter>
    </ClCompile>
    <ClCompile Include="..\..\packages\cairo\src\cairo-path-bounds.c">
      <Filter>Source Files</Filter>
    </ClCompile>
    <ClCompile Include="..\..\packages\cairo\src\cairo-path-fill.c">
      <Filter>Source Files</Filter>
    </ClCompile>
    <ClCompile Include="..\..\packages\cairo\src\cairo-path-fixed.c">
      <Filter>Source Files</Filter>
    </ClCompile>
    <ClCompile Include="..\..\packages\cairo\src\cairo-path-in-fill.c">
      <Filter>Source Files</Filter>
    </ClCompile>
    <ClCompile Include="..\..\packages\cairo\src\cairo-path-stroke.c">
      <Filter>Source Files</Filter>
    </ClCompile>
    <ClCompile Include="..\..\packages\cairo\src\cairo-path-stroke-boxes.c">
      <Filter>Source Files</Filter>
    </ClCompile>
    <ClCompile Include="..\..\packages\cairo\src\cairo-path-stroke-polygon.c">
      <Filter>Source Files</Filter>
    </ClCompile>
    <ClCompile Include="..\..\packages\cairo\src\cairo-path-stroke-traps.c">
      <Filter>Source Files</Filter>
    </ClCompile>
    <ClCompile Include="..\..\packages\cairo\src\cairo-path-stroke-tristrip.c">
      <Filter>Source Files</Filter>
    </ClCompile>
    <ClCompile Include="..\..\packages\cairo\src\cairo-pattern.c">
      <Filter>Source Files</Filter>
    </ClCompile>
    <ClCompile Include="..\..\packages\cairo\src\cairo-pdf-interchange.c">
      <Filter>Source Files</Filter>
    </ClCompile>
    <ClCompile Include="..\..\packages\cairo\src\cairo-pdf-operators.c">
      <Filter>Source Files</Filter>
    </ClCompile>
    <ClCompile Include="..\..\packages\cairo\src\cairo-pdf-shading.c">
      <Filter>Source Files</Filter>
    </ClCompile>
    <ClCompile Include="..\..\packages\cairo\src\cairo-pdf-surface.c">
      <Filter>Source Files</Filter>
    </ClCompile>
    <ClCompile Include="..\..\packages\cairo\src\cairo-pen.c">
      <Filter>Source Files</Filter>
    </ClCompile>
    <ClCompile Include="..\..\packages\cairo\src\cairo-png.c">
      <Filter>Source Files</Filter>
    </ClCompile>
    <ClCompile Include="..\..\packages\cairo\src\cairo-polygon.c">
      <Filter>Source Files</Filter>
    </ClCompile>
    <ClCompile Include="..\..\packages\cairo\src\cairo-polygon-intersect.c">
      <Filter>Source Files</Filter>
    </ClCompile>
    <ClCompile Include="..\..\packages\cairo\src\cairo-polygon-reduce.c">
      <Filter>Source Files</Filter>
    </ClCompile>
    <ClCompile Include="..\..\packages\cairo\src\cairo-ps-surface.c">
      <Filter>Source Files</Filter>
    </ClCompile>
    <ClCompile Include="..\..\packages\cairo\src\cairo-quartz-font.c">
      <Filter>Source Files</Filter>
    </ClCompile>
    <ClCompile Include="..\..\packages\cairo\src\cairo-quartz-image-surface.c">
      <Filter>Source Files</Filter>
    </ClCompile>
    <ClCompile Include="..\..\packages\cairo\src\cairo-quartz-surface.c">
      <Filter>Source Files</Filter>
    </ClCompile>
    <ClCompile Include="..\..\packages\cairo\src\cairo-raster-source-pattern.c">
      <Filter>Source Files</Filter>
    </ClCompile>
    <ClCompile Include="..\..\packages\cairo\src\cairo-recording-surface.c">
      <Filter>Source Files</Filter>
    </ClCompile>
    <ClCompile Include="..\..\packages\cairo\src\cairo-rectangle.c">
      <Filter>Source Files</Filter>
    </ClCompile>
    <ClCompile Include="..\..\packages\cairo\src\cairo-rectangular-scan-converter.c">
      <Filter>Source Files</Filter>
    </ClCompile>
    <ClCompile Include="..\..\packages\cairo\src\cairo-region.c">
      <Filter>Source Files</Filter>
    </ClCompile>
    <ClCompile Include="..\..\packages\cairo\src\cairo-rtree.c">
      <Filter>Source Files</Filter>
    </ClCompile>
    <ClCompile Include="..\..\packages\cairo\src\cairo-scaled-font.c">
      <Filter>Source Files</Filter>
    </ClCompile>
    <ClCompile Include="..\..\packages\cairo\src\cairo-scaled-font-subsets.c">
      <Filter>Source Files</Filter>
    </ClCompile>
    <ClCompile Include="..\..\packages\cairo\src\cairo-script-surface.c">
      <Filter>Source Files</Filter>
    </ClCompile>
    <ClCompile Include="..\..\packages\cairo\src\cairo-shape-mask-compositor.c">
      <Filter>Source Files</Filter>
    </ClCompile>
    <ClCompile Include="..\..\packages\cairo\src\cairo-slope.c">
      <Filter>Source Files</Filter>
    </ClCompile>
    <ClCompile Include="..\..\packages\cairo\src\cairo-spans.c">
      <Filter>Source Files</Filter>
    </ClCompile>
    <ClCompile Include="..\..\packages\cairo\src\cairo-spans-compositor.c">
      <Filter>Source Files</Filter>
    </ClCompile>
    <ClCompile Include="..\..\packages\cairo\src\cairo-spline.c">
      <Filter>Source Files</Filter>
    </ClCompile>
    <ClCompile Include="..\..\packages\cairo\src\cairo-stroke-dash.c">
      <Filter>Source Files</Filter>
    </ClCompile>
    <ClCompile Include="..\..\packages\cairo\src\cairo-stroke-style.c">
      <Filter>Source Files</Filter>
    </ClCompile>
    <ClCompile Include="..\..\packages\cairo\src\cairo-surface.c">
      <Filter>Source Files</Filter>
    </ClCompile>
    <ClCompile Include="..\..\packages\cairo\src\cairo-surface-clipper.c">
      <Filter>Source Files</Filter>
    </ClCompile>
    <ClCompile Include="..\..\packages\cairo\src\cairo-surface-fallback.c">
      <Filter>Source Files</Filter>
    </ClCompile>
    <ClCompile Include="..\..\packages\cairo\src\cairo-surface-observer.c">
      <Filter>Source Files</Filter>
    </ClCompile>
    <ClCompile Include="..\..\packages\cairo\src\cairo-surface-offset.c">
      <Filter>Source Files</Filter>
    </ClCompile>
    <ClCompile Include="..\..\packages\cairo\src\cairo-surface-snapshot.c">
      <Filter>Source Files</Filter>
    </ClCompile>
    <ClCompile Include="..\..\packages\cairo\src\cairo-surface-subsurface.c">
      <Filter>Source Files</Filter>
    </ClCompile>
    <ClCompile Include="..\..\packages\cairo\src\cairo-surface-wrapper.c">
      <Filter>Source Files</Filter>
    </ClCompile>
    <ClCompile Include="..\..\packages\cairo\src\cairo-svg-glyph-render.c">
      <Filter>Source Files</Filter>
    </ClCompile>
    <ClCompile Include="..\..\packages\cairo\src\cairo-svg-surface.c">
      <Filter>Source Files</Filter>
    </ClCompile>
    <ClCompile Include="..\..\packages\cairo\src\cairo-tag-attributes.c">
      <Filter>Source Files</Filter>
    </ClCompile>
    <ClCompile Include="..\..\packages\cairo\src\cairo-tag-stack.c">
      <Filter>Source Files</Filter>
    </ClCompile>
    <ClCompile Include="..\..\packages\cairo\src\cairo-tee-surface.c">
      <Filter>Source Files</Filter>
    </ClCompile>
    <ClCompile Include="..\..\packages\cairo\src\cairo-time.c">
      <Filter>Source Files</Filter>
    </ClCompile>
    <ClCompile Include="..\..\packages\cairo\src\cairo-tor22-scan-converter.c">
      <Filter>Source Files</Filter>
    </ClCompile>
    <ClCompile Include="..\..\packages\cairo\src\cairo-tor-scan-converter.c">
      <Filter>Source Files</Filter>
    </ClCompile>
    <ClCompile Include="..\..\packages\cairo\src\cairo-toy-font-face.c">
      <Filter>Source Files</Filter>
    </ClCompile>
    <ClCompile Include="..\..\packages\cairo\src\cairo-traps.c">
      <Filter>Source Files</Filter>
    </ClCompile>
    <ClCompile Include="..\..\packages\cairo\src\cairo-traps-compositor.c">
      <Filter>Source Files</Filter>
    </ClCompile>
    <ClCompile Include="..\..\packages\cairo\src\cairo-tristrip.c">
      <Filter>Source Files</Filter>
    </ClCompile>
    <ClCompile Include="..\..\packages\cairo\src\cairo-truetype-subset.c">
      <Filter>Source Files</Filter>
    </ClCompile>
    <ClCompile Include="..\..\packages\cairo\src\cairo-type1-fallback.c">
      <Filter>Source Files</Filter>
    </ClCompile>
    <ClCompile Include="..\..\packages\cairo\src\cairo-type1-glyph-names.c">
      <Filter>Source Files</Filter>
    </ClCompile>
    <ClCompile Include="..\..\packages\cairo\src\cairo-type1-subset.c">
      <Filter>Source Files</Filter>
    </ClCompile>
    <ClCompile Include="..\..\packages\cairo\src\cairo-type3-glyph-surface.c">
      <Filter>Source Files</Filter>
    </ClCompile>
    <ClCompile Include="..\..\packages\cairo\src\cairo-unicode.c">
      <Filter>Source Files</Filter>
    </ClCompile>
    <ClCompile Include="..\..\packages\cairo\src\cairo-user-font.c">
      <Filter>Source Files</Filter>
    </ClCompile>
    <ClCompile Include="..\..\packages\cairo\src\cairo-version.c">
      <Filter>Source Files</Filter>
    </ClCompile>
    <ClCompile Include="..\..\packages\cairo\src\cairo-wideint.c">
      <Filter>Source Files</Filter>
    </ClCompile>
    <ClCompile Include="..\..\packages\cairo\src\cairo-xcb-connection.c">
      <Filter>Source Files</Filter>
    </ClCompile>
    <ClCompile Include="..\..\packages\cairo\src\cairo-xcb-connection-core.c">
      <Filter>Source Files</Filter>
    </ClCompile>
    <ClCompile Include="..\..\packages\cairo\src\cairo-xcb-connection-render.c">
      <Filter>Source Files</Filter>
    </ClCompile>
    <ClCompile Include="..\..\packages\cairo\src\cairo-xcb-connection-shm.c">
      <Filter>Source Files</Filter>
    </ClCompile>
    <ClCompile Include="..\..\packages\cairo\src\cairo-xcb-resources.c">
      <Filter>Source Files</Filter>
    </ClCompile>
    <ClCompile Include="..\..\packages\cairo\src\cairo-xcb-screen.c">
      <Filter>Source Files</Filter>
    </ClCompile>
    <ClCompile Include="..\..\packages\cairo\src\cairo-xcb-shm.c">
      <Filter>Source Files</Filter>
    </ClCompile>
    <ClCompile Include="..\..\packages\cairo\src\cairo-xcb-surface.c">
      <Filter>Source Files</Filter>
    </ClCompile>
    <ClCompile Include="..\..\packages\cairo\src\cairo-xcb-surface-core.c">
      <Filter>Source Files</Filter>
    </ClCompile>
    <ClCompile Include="..\..\packages\cairo\src\cairo-xcb-surface-render.c">
      <Filter>Source Files</Filter>
    </ClCompile>
    <ClCompile Include="..\..\packages\cairo\src\cairo-xlib-core-compositor.c">
      <Filter>Source Files</Filter>
    </ClCompile>
    <ClCompile Include="..\..\packages\cairo\src\cairo-xlib-display.c">
      <Filter>Source Files</Filter>
    </ClCompile>
    <ClCompile Include="..\..\packages\cairo\src\cairo-xlib-fallback-compositor.c">
      <Filter>Source Files</Filter>
    </ClCompile>
    <ClCompile Include="..\..\packages\cairo\src\cairo-xlib-render-compositor.c">
      <Filter>Source Files</Filter>
    </ClCompile>
    <ClCompile Include="..\..\packages\cairo\src\cairo-xlib-screen.c">
      <Filter>Source Files</Filter>
    </ClCompile>
    <ClCompile Include="..\..\packages\cairo\src\cairo-xlib-source.c">
      <Filter>Source Files</Filter>
    </ClCompile>
    <ClCompile Include="..\..\packages\cairo\src\cairo-xlib-surface.c">
      <Filter>Source Files</Filter>
    </ClCompile>
    <ClCompile Include="..\..\packages\cairo\src\cairo-xlib-surface-shm.c">
      <Filter>Source Files</Filter>
    </ClCompile>
    <ClCompile Include="..\..\packages\cairo\src\cairo-xlib-visual.c">
      <Filter>Source Files</Filter>
    </ClCompile>
    <ClCompile Include="..\..\packages\cairo\src\cairo-xlib-xcb-surface.c">
      <Filter>Source Files</Filter>
    </ClCompile>
    <ClCompile Include="..\..\packages\cairo\src\win32\cairo-dwrite-font.cpp">
      <Filter>Source Files\win32</Filter>
    </ClCompile>
    <ClCompile Include="..\..\packages\cairo\src\win32\cairo-win32-device.c">
      <Filter>Source Files\win32</Filter>
    </ClCompile>
    <ClCompile Include="..\..\packages\cairo\src\win32\cairo-win32-display-surface.c">
      <Filter>Source Files\win32</Filter>
    </ClCompile>
    <ClCompile Include="..\..\packages\cairo\src\win32\cairo-win32-font.c">
      <Filter>Source Files\win32</Filter>
    </ClCompile>
    <ClCompile Include="..\..\packages\cairo\src\win32\cairo-win32-gdi-compositor.c">
      <Filter>Source Files\win32</Filter>
    </ClCompile>
    <ClCompile Include="..\..\packages\cairo\src\win32\cairo-win32-printing-surface.c">
      <Filter>Source Files\win32</Filter>
    </ClCompile>
    <ClCompile Include="..\..\packages\cairo\src\win32\cairo-win32-surface.c">
      <Filter>Source Files\win32</Filter>
    </ClCompile>
    <ClCompile Include="..\..\packages\cairo\src\win32\cairo-win32-system.c">
      <Filter>Source Files\win32</Filter>
    </ClCompile>
    <ClCompile Include="addon.c">
      <Filter>Source Files</Filter>
    </ClCompile>
  </ItemGroup>
  <ItemGroup>
    <ClInclude Include="..\..\packages\cairo\src\cairo.h">
      <Filter>Header Files</Filter>
    </ClInclude>
    <ClInclude Include="..\..\packages\cairo\src\cairo-analysis-surface-private.h">
      <Filter>Header Files</Filter>
    </ClInclude>
    <ClInclude Include="..\..\packages\cairo\src\cairo-arc-private.h">
      <Filter>Header Files</Filter>
    </ClInclude>
    <ClInclude Include="..\..\packages\cairo\src\cairo-array-private.h">
      <Filter>Header Files</Filter>
    </ClInclude>
    <ClInclude Include="..\..\packages\cairo\src\cairo-atomic-private.h">
      <Filter>Header Files</Filter>
    </ClInclude>
    <ClInclude Include="..\..\packages\cairo\src\cairo-backend-private.h">
      <Filter>Header Files</Filter>
    </ClInclude>
    <ClInclude Include="..\..\packages\cairo\src\cairo-boxes-private.h">
      <Filter>Header Files</Filter>
    </ClInclude>
    <ClInclude Include="..\..\packages\cairo\src\cairo-box-inline.h">
      <Filter>Header Files</Filter>
    </ClInclude>
    <ClInclude Include="..\..\packages\cairo\src\cairo-cache-private.h">
      <Filter>Header Files</Filter>
    </ClInclude>
    <ClInclude Include="..\..\packages\cairo\src\cairo-clip-inline.h">
      <Filter>Header Files</Filter>
    </ClInclude>
    <ClInclude Include="..\..\packages\cairo\src\cairo-clip-private.h">
      <Filter>Header Files</Filter>
    </ClInclude>
    <ClInclude Include="..\..\packages\cairo\src\cairo-combsort-inline.h">
      <Filter>Header Files</Filter>
    </ClInclude>
    <ClInclude Include="..\..\packages\cairo\src\cairo-compiler-private.h">
      <Filter>Header Files</Filter>
    </ClInclude>
    <ClInclude Include="..\..\packages\cairo\src\cairo-composite-rectangles-private.h">
      <Filter>Header Files</Filter>
    </ClInclude>
    <ClInclude Include="..\..\packages\cairo\src\cairo-compositor-private.h">
      <Filter>Header Files</Filter>
    </ClInclude>
    <ClInclude Include="..\..\packages\cairo\src\cairo-contour-inline.h">
      <Filter>Header Files</Filter>
    </ClInclude>
    <ClInclude Include="..\..\packages\cairo\src\cairo-contour-private.h">
      <Filter>Header Files</Filter>
    </ClInclude>
    <ClInclude Include="..\..\packages\cairo\src\cairo-ctype-inline.h">
      <Filter>Header Files</Filter>
    </ClInclude>
    <ClInclude Include="..\..\packages\cairo\src\cairo-damage-private.h">
      <Filter>Header Files</Filter>
    </ClInclude>
    <ClInclude Include="..\..\packages\cairo\src\cairo-default-context-private.h">
      <Filter>Header Files</Filter>
    </ClInclude>
    <ClInclude Include="..\..\packages\cairo\src\cairo-deprecated.h">
      <Filter>Header Files</Filter>
    </ClInclude>
    <ClInclude Include="..\..\packages\cairo\src\cairo-device-private.h">
      <Filter>Header Files</Filter>
    </ClInclude>
    <ClInclude Include="..\..\packages\cairo\src\cairo-dwrite.h">
      <Filter>Header Files</Filter>
    </ClInclude>
    <ClInclude Include="..\..\packages\cairo\src\cairo-error-inline.h">
      <Filter>Header Files</Filter>
    </ClInclude>
    <ClInclude Include="..\..\packages\cairo\src\cairo-error-private.h">
      <Filter>Header Files</Filter>
    </ClInclude>
    <ClInclude Include="..\..\packages\cairo\src\cairo-fixed-private.h">
      <Filter>Header Files</Filter>
    </ClInclude>
    <ClInclude Include="..\..\packages\cairo\src\cairo-fixed-type-private.h">
      <Filter>Header Files</Filter>
    </ClInclude>
    <ClInclude Include="..\..\packages\cairo\src\cairo-fontconfig-private.h">
      <Filter>Header Files</Filter>
    </ClInclude>
    <ClInclude Include="..\..\packages\cairo\src\cairo-freed-pool-private.h">
      <Filter>Header Files</Filter>
    </ClInclude>
    <ClInclude Include="..\..\packages\cairo\src\cairo-freelist-private.h">
      <Filter>Header Files</Filter>
    </ClInclude>
    <ClInclude Include="..\..\packages\cairo\src\cairo-freelist-type-private.h">
      <Filter>Header Files</Filter>
    </ClInclude>
    <ClInclude Include="..\..\packages\cairo\src\cairo-ft.h">
      <Filter>Header Files</Filter>
    </ClInclude>
    <ClInclude Include="..\..\packages\cairo\src\cairo-ft-private.h">
      <Filter>Header Files</Filter>
    </ClInclude>
    <ClInclude Include="..\..\packages\cairo\src\cairo-gstate-private.h">
      <Filter>Header Files</Filter>
    </ClInclude>
    <ClInclude Include="..\..\packages\cairo\src\cairo-hash-private.h">
      <Filter>Header Files</Filter>
    </ClInclude>
    <ClInclude Include="..\..\packages\cairo\src\cairo-image-info-private.h">
      <Filter>Header Files</Filter>
    </ClInclude>
    <ClInclude Include="..\..\packages\cairo\src\cairo-image-surface-inline.h">
      <Filter>Header Files</Filter>
    </ClInclude>
    <ClInclude Include="..\..\packages\cairo\src\cairo-image-surface-private.h">
      <Filter>Header Files</Filter>
    </ClInclude>
    <ClInclude Include="..\..\packages\cairo\src\cairoint.h">
      <Filter>Header Files</Filter>
    </ClInclude>
    <ClInclude Include="..\..\packages\cairo\src\cairo-line-inline.h">
      <Filter>Header Files</Filter>
    </ClInclude>
    <ClInclude Include="..\..\packages\cairo\src\cairo-line-private.h">
      <Filter>Header Files</Filter>
    </ClInclude>
    <ClInclude Include="..\..\packages\cairo\src\cairo-list-inline.h">
      <Filter>Header Files</Filter>
    </ClInclude>
    <ClInclude Include="..\..\packages\cairo\src\cairo-list-private.h">
      <Filter>Header Files</Filter>
    </ClInclude>
    <ClInclude Include="..\..\packages\cairo\src\cairo-malloc-private.h">
      <Filter>Header Files</Filter>
    </ClInclude>
    <ClInclude Include="..\..\packages\cairo\src\cairo-mempool-private.h">
      <Filter>Header Files</Filter>
    </ClInclude>
    <ClInclude Include="..\..\packages\cairo\src\cairo-mutex-impl-private.h">
      <Filter>Header Files</Filter>
    </ClInclude>
    <ClInclude Include="..\..\packages\cairo\src\cairo-mutex-list-private.h">
      <Filter>Header Files</Filter>
    </ClInclude>
    <ClInclude Include="..\..\packages\cairo\src\cairo-mutex-private.h">
      <Filter>Header Files</Filter>
    </ClInclude>
    <ClInclude Include="..\..\packages\cairo\src\cairo-mutex-type-private.h">
      <Filter>Header Files</Filter>
    </ClInclude>
    <ClInclude Include="..\..\packages\cairo\src\cairo-output-stream-private.h">
      <Filter>Header Files</Filter>
    </ClInclude>
    <ClInclude Include="..\..\packages\cairo\src\cairo-paginated-private.h">
      <Filter>Header Files</Filter>
    </ClInclude>
    <ClInclude Include="..\..\packages\cairo\src\cairo-paginated-surface-private.h">
      <Filter>Header Files</Filter>
    </ClInclude>
    <ClInclude Include="..\..\packages\cairo\src\cairo-path-fixed-private.h">
      <Filter>Header Files</Filter>
    </ClInclude>
    <ClInclude Include="..\..\packages\cairo\src\cairo-path-private.h">
      <Filter>Header Files</Filter>
    </ClInclude>
    <ClInclude Include="..\..\packages\cairo\src\cairo-pattern-inline.h">
      <Filter>Header Files</Filter>
    </ClInclude>
    <ClInclude Include="..\..\packages\cairo\src\cairo-pattern-private.h">
      <Filter>Header Files</Filter>
    </ClInclude>
    <ClInclude Include="..\..\packages\cairo\src\cairo-pdf.h">
      <Filter>Header Files</Filter>
    </ClInclude>
    <ClInclude Include="..\..\packages\cairo\src\cairo-pdf-operators-private.h">
      <Filter>Header Files</Filter>
    </ClInclude>
    <ClInclude Include="..\..\packages\cairo\src\cairo-pdf-shading-private.h">
      <Filter>Header Files</Filter>
    </ClInclude>
    <ClInclude Include="..\..\packages\cairo\src\cairo-pdf-surface-private.h">
      <Filter>Header Files</Filter>
    </ClInclude>
    <ClInclude Include="..\..\packages\cairo\src\cairo-pixman-private.h">
      <Filter>Header Files</Filter>
    </ClInclude>
    <ClInclude Include="..\..\packages\cairo\src\cairo-private.h">
      <Filter>Header Files</Filter>
    </ClInclude>
    <ClInclude Include="..\..\packages\cairo\src\cairo-ps.h">
      <Filter>Header Files</Filter>
    </ClInclude>
    <ClInclude Include="..\..\packages\cairo\src\cairo-ps-surface-private.h">
      <Filter>Header Files</Filter>
    </ClInclude>
    <ClInclude Include="..\..\packages\cairo\src\cairo-quartz.h">
      <Filter>Header Files</Filter>
    </ClInclude>
    <ClInclude Include="..\..\packages\cairo\src\cairo-quartz-image.h">
      <Filter>Header Files</Filter>
    </ClInclude>
    <ClInclude Include="..\..\packages\cairo\src\cairo-quartz-private.h">
      <Filter>Header Files</Filter>
    </ClInclude>
    <ClInclude Include="..\..\packages\cairo\src\cairo-recording-surface-inline.h">
      <Filter>Header Files</Filter>
    </ClInclude>
    <ClInclude Include="..\..\packages\cairo\src\cairo-recording-surface-private.h">
      <Filter>Header Files</Filter>
    </ClInclude>
    <ClInclude Include="..\..\packages\cairo\src\cairo-reference-count-private.h">
      <Filter>Header Files</Filter>
    </ClInclude>
    <ClInclude Include="..\..\packages\cairo\src\cairo-region-private.h">
      <Filter>Header Files</Filter>
    </ClInclude>
    <ClInclude Include="..\..\packages\cairo\src\cairo-rtree-private.h">
      <Filter>Header Files</Filter>
    </ClInclude>
    <ClInclude Include="..\..\packages\cairo\src\cairo-scaled-font-private.h">
      <Filter>Header Files</Filter>
    </ClInclude>
    <ClInclude Include="..\..\packages\cairo\src\cairo-scaled-font-subsets-private.h">
      <Filter>Header Files</Filter>
    </ClInclude>
    <ClInclude Include="..\..\packages\cairo\src\cairo-script.h">
      <Filter>Header Files</Filter>
    </ClInclude>
    <ClInclude Include="..\..\packages\cairo\src\cairo-script-private.h">
      <Filter>Header Files</Filter>
    </ClInclude>
    <ClInclude Include="..\..\packages\cairo\src\cairo-slope-private.h">
      <Filter>Header Files</Filter>
    </ClInclude>
    <ClInclude Include="..\..\packages\cairo\src\cairo-spans-compositor-private.h">
      <Filter>Header Files</Filter>
    </ClInclude>
    <ClInclude Include="..\..\packages\cairo\src\cairo-spans-private.h">
      <Filter>Header Files</Filter>
    </ClInclude>
    <ClInclude Include="..\..\packages\cairo\src\cairo-stroke-dash-private.h">
      <Filter>Header Files</Filter>
    </ClInclude>
    <ClInclude Include="..\..\packages\cairo\src\cairo-surface-backend-private.h">
      <Filter>Header Files</Filter>
    </ClInclude>
    <ClInclude Include="..\..\packages\cairo\src\cairo-surface-clipper-private.h">
      <Filter>Header Files</Filter>
    </ClInclude>
    <ClInclude Include="..\..\packages\cairo\src\cairo-surface-fallback-private.h">
      <Filter>Header Files</Filter>
    </ClInclude>
    <ClInclude Include="..\..\packages\cairo\src\cairo-surface-inline.h">
      <Filter>Header Files</Filter>
    </ClInclude>
    <ClInclude Include="..\..\packages\cairo\src\cairo-surface-observer-inline.h">
      <Filter>Header Files</Filter>
    </ClInclude>
    <ClInclude Include="..\..\packages\cairo\src\cairo-surface-observer-private.h">
      <Filter>Header Files</Filter>
    </ClInclude>
    <ClInclude Include="..\..\packages\cairo\src\cairo-surface-offset-private.h">
      <Filter>Header Files</Filter>
    </ClInclude>
    <ClInclude Include="..\..\packages\cairo\src\cairo-surface-private.h">
      <Filter>Header Files</Filter>
    </ClInclude>
    <ClInclude Include="..\..\packages\cairo\src\cairo-surface-snapshot-inline.h">
      <Filter>Header Files</Filter>
    </ClInclude>
    <ClInclude Include="..\..\packages\cairo\src\cairo-surface-snapshot-private.h">
      <Filter>Header Files</Filter>
    </ClInclude>
    <ClInclude Include="..\..\packages\cairo\src\cairo-surface-subsurface-inline.h">
      <Filter>Header Files</Filter>
    </ClInclude>
    <ClInclude Include="..\..\packages\cairo\src\cairo-surface-subsurface-private.h">
      <Filter>Header Files</Filter>
    </ClInclude>
    <ClInclude Include="..\..\packages\cairo\src\cairo-surface-wrapper-private.h">
      <Filter>Header Files</Filter>
    </ClInclude>
    <ClInclude Include="..\..\packages\cairo\src\cairo-svg.h">
      <Filter>Header Files</Filter>
    </ClInclude>
    <ClInclude Include="..\..\packages\cairo\src\cairo-svg-surface-private.h">
      <Filter>Header Files</Filter>
    </ClInclude>
    <ClInclude Include="..\..\packages\cairo\src\cairo-tag-attributes-private.h">
      <Filter>Header Files</Filter>
    </ClInclude>
    <ClInclude Include="..\..\packages\cairo\src\cairo-tag-stack-private.h">
      <Filter>Header Files</Filter>
    </ClInclude>
    <ClInclude Include="..\..\packages\cairo\src\cairo-tee.h">
      <Filter>Header Files</Filter>
    </ClInclude>
    <ClInclude Include="..\..\packages\cairo\src\cairo-time-private.h">
      <Filter>Header Files</Filter>
    </ClInclude>
    <ClInclude Include="..\..\packages\cairo\src\cairo-traps-private.h">
      <Filter>Header Files</Filter>
    </ClInclude>
    <ClInclude Include="..\..\packages\cairo\src\cairo-tristrip-private.h">
      <Filter>Header Files</Filter>
    </ClInclude>
    <ClInclude Include="..\..\packages\cairo\src\cairo-truetype-subset-private.h">
      <Filter>Header Files</Filter>
    </ClInclude>
    <ClInclude Include="..\..\packages\cairo\src\cairo-type1-private.h">
      <Filter>Header Files</Filter>
    </ClInclude>
    <ClInclude Include="..\..\packages\cairo\src\cairo-type3-glyph-surface-private.h">
      <Filter>Header Files</Filter>
    </ClInclude>
    <ClInclude Include="..\..\packages\cairo\src\cairo-types-private.h">
      <Filter>Header Files</Filter>
    </ClInclude>
    <ClInclude Include="..\..\packages\cairo\src\cairo-user-font-private.h">
      <Filter>Header Files</Filter>
    </ClInclude>
    <ClInclude Include="..\..\packages\cairo\src\cairo-version.h">
      <Filter>Header Files</Filter>
    </ClInclude>
    <ClInclude Include="..\..\packages\cairo\src\cairo-wideint-private.h">
      <Filter>Header Files</Filter>
    </ClInclude>
    <ClInclude Include="..\..\packages\cairo\src\cairo-wideint-type-private.h">
      <Filter>Header Files</Filter>
    </ClInclude>
    <ClInclude Include="..\..\packages\cairo\src\cairo-win32.h">
      <Filter>Header Files</Filter>
    </ClInclude>
    <ClInclude Include="..\..\packages\cairo\src\cairo-xcb.h">
      <Filter>Header Files</Filter>
    </ClInclude>
    <ClInclude Include="..\..\packages\cairo\src\cairo-xcb-private.h">
      <Filter>Header Files</Filter>
    </ClInclude>
    <ClInclude Include="..\..\packages\cairo\src\cairo-xlib.h">
      <Filter>Header Files</Filter>
    </ClInclude>
    <ClInclude Include="..\..\packages\cairo\src\cairo-xlib-private.h">
      <Filter>Header Files</Filter>
    </ClInclude>
    <ClInclude Include="..\..\packages\cairo\src\cairo-xlib-surface-private.h">
      <Filter>Header Files</Filter>
    </ClInclude>
    <ClInclude Include="..\..\packages\cairo\src\cairo-xlib-xrender.h">
      <Filter>Header Files</Filter>
    </ClInclude>
    <ClInclude Include="..\..\packages\cairo\src\cairo-xlib-xrender-private.h">
      <Filter>Header Files</Filter>
    </ClInclude>
    <ClInclude Include="..\..\packages\cairo\src\win32\cairo-dwrite-private.hpp">
      <Filter>Header Files\win32</Filter>
    </ClInclude>
    <ClInclude Include="..\..\packages\cairo\src\win32\cairo-win32-private.h">
      <Filter>Source Files\win32</Filter>
    </ClInclude>
    <ClInclude Include="..\..\packages\cairo\src\win32\cairo-win32-refptr.hpp">
      <Filter>Source Files\win32</Filter>
    </ClInclude>
  </ItemGroup>
</Project>